// !$*UTF8*$!
{
	archiveVersion = 1;
	classes = {
	};
	objectVersion = 56;
	objects = {

/* Begin PBXBuildFile section */
		D712BCAA29CA2EEF00C2F09E /* AppDelegate.swift in Sources */ = {isa = PBXBuildFile; fileRef = D712BCA929CA2EEF00C2F09E /* AppDelegate.swift */; };
		D712BCAC29CA2EEF00C2F09E /* SceneDelegate.swift in Sources */ = {isa = PBXBuildFile; fileRef = D712BCAB29CA2EEF00C2F09E /* SceneDelegate.swift */; };
		D712BCAE29CA2EEF00C2F09E /* MainViewController.swift in Sources */ = {isa = PBXBuildFile; fileRef = D712BCAD29CA2EEF00C2F09E /* MainViewController.swift */; };
		D712BCB329CA2EF400C2F09E /* Assets.xcassets in Resources */ = {isa = PBXBuildFile; fileRef = D712BCB229CA2EF400C2F09E /* Assets.xcassets */; };
		D712BCB629CA2EF400C2F09E /* LaunchScreen.storyboard in Resources */ = {isa = PBXBuildFile; fileRef = D712BCB429CA2EF400C2F09E /* LaunchScreen.storyboard */; };
		D712BCC129CA2EF400C2F09E /* TransactionsStoreTests.swift in Sources */ = {isa = PBXBuildFile; fileRef = D712BCC029CA2EF400C2F09E /* TransactionsStoreTests.swift */; };
		D712BCCB29CA2EF400C2F09E /* TransactionsStoreUITests.swift in Sources */ = {isa = PBXBuildFile; fileRef = D712BCCA29CA2EF400C2F09E /* TransactionsStoreUITests.swift */; };
		D712BCCD29CA2EF400C2F09E /* TransactionsStoreUITestsLaunchTests.swift in Sources */ = {isa = PBXBuildFile; fileRef = D712BCCC29CA2EF400C2F09E /* TransactionsStoreUITestsLaunchTests.swift */; };
		D712BCDB29CA315500C2F09E /* SnapKit in Frameworks */ = {isa = PBXBuildFile; productRef = D712BCDA29CA315500C2F09E /* SnapKit */; };
		D712BCDD29CA318700C2F09E /* Margins.swift in Sources */ = {isa = PBXBuildFile; fileRef = D712BCDC29CA318700C2F09E /* Margins.swift */; };
		D712BCE229CA35E200C2F09E /* TSButton.swift in Sources */ = {isa = PBXBuildFile; fileRef = D712BCE129CA35E200C2F09E /* TSButton.swift */; };
		D712BCE429CA3A0200C2F09E /* CornerRadius.swift in Sources */ = {isa = PBXBuildFile; fileRef = D712BCE329CA3A0200C2F09E /* CornerRadius.swift */; };
		D712BCE629CA3B5A00C2F09E /* ActionTextCell.swift in Sources */ = {isa = PBXBuildFile; fileRef = D712BCE529CA3B5A00C2F09E /* ActionTextCell.swift */; };
		D712BCE929CAFB2200C2F09E /* MainDataSource.swift in Sources */ = {isa = PBXBuildFile; fileRef = D712BCE829CAFB2200C2F09E /* MainDataSource.swift */; };
		D712BCEC29CB059100C2F09E /* BorderSize.swift in Sources */ = {isa = PBXBuildFile; fileRef = D712BCEB29CB059100C2F09E /* BorderSize.swift */; };
		D712BCF029CB079300C2F09E /* TSTextField.swift in Sources */ = {isa = PBXBuildFile; fileRef = D712BCEF29CB079300C2F09E /* TSTextField.swift */; };
		D712BCF229CB1EC900C2F09E /* ViewSize.swift in Sources */ = {isa = PBXBuildFile; fileRef = D712BCF129CB1EC900C2F09E /* ViewSize.swift */; };
		D712BCF629CCC20100C2F09E /* SelectActionBottomSheet.swift in Sources */ = {isa = PBXBuildFile; fileRef = D712BCF529CCC20100C2F09E /* SelectActionBottomSheet.swift */; };
		D712BCF929CEF74600C2F09E /* Dictionary+Extensions.swift in Sources */ = {isa = PBXBuildFile; fileRef = D712BCF829CEF74600C2F09E /* Dictionary+Extensions.swift */; };
		D712BCFB29CEFEAB00C2F09E /* TextCell.swift in Sources */ = {isa = PBXBuildFile; fileRef = D712BCFA29CEFEAB00C2F09E /* TextCell.swift */; };
		D712BCFE29CF1DBD00C2F09E /* Transactionable.swift in Sources */ = {isa = PBXBuildFile; fileRef = D712BCFD29CF1DBD00C2F09E /* Transactionable.swift */; };
		D7FCB88F29F3FC7500329A4C /* ActionError.swift in Sources */ = {isa = PBXBuildFile; fileRef = D7FCB88E29F3FC7500329A4C /* ActionError.swift */; };
		D7FCB89129F3FCC300329A4C /* DictionaryStore.swift in Sources */ = {isa = PBXBuildFile; fileRef = D7FCB89029F3FCC300329A4C /* DictionaryStore.swift */; };
		D7FCB89329F3FCE300329A4C /* KeyValueStorage.swift in Sources */ = {isa = PBXBuildFile; fileRef = D7FCB89229F3FCE300329A4C /* KeyValueStorage.swift */; };
		D7FCB89529F3FE6000329A4C /* TransactionalKeyValueStore.swift in Sources */ = {isa = PBXBuildFile; fileRef = D7FCB89429F3FE6000329A4C /* TransactionalKeyValueStore.swift */; };
/* End PBXBuildFile section */

/* Begin PBXContainerItemProxy section */
		D712BCBD29CA2EF400C2F09E /* PBXContainerItemProxy */ = {
			isa = PBXContainerItemProxy;
			containerPortal = D712BC9E29CA2EEF00C2F09E /* Project object */;
			proxyType = 1;
			remoteGlobalIDString = D712BCA529CA2EEF00C2F09E;
			remoteInfo = BinanceTest;
		};
		D712BCC729CA2EF400C2F09E /* PBXContainerItemProxy */ = {
			isa = PBXContainerItemProxy;
			containerPortal = D712BC9E29CA2EEF00C2F09E /* Project object */;
			proxyType = 1;
			remoteGlobalIDString = D712BCA529CA2EEF00C2F09E;
			remoteInfo = BinanceTest;
		};
/* End PBXContainerItemProxy section */

/* Begin PBXFileReference section */
		D712BCA629CA2EEF00C2F09E /* TransactionsStore.app */ = {isa = PBXFileReference; explicitFileType = wrapper.application; includeInIndex = 0; path = TransactionsStore.app; sourceTree = BUILT_PRODUCTS_DIR; };
		D712BCA929CA2EEF00C2F09E /* AppDelegate.swift */ = {isa = PBXFileReference; lastKnownFileType = sourcecode.swift; path = AppDelegate.swift; sourceTree = "<group>"; };
		D712BCAB29CA2EEF00C2F09E /* SceneDelegate.swift */ = {isa = PBXFileReference; lastKnownFileType = sourcecode.swift; path = SceneDelegate.swift; sourceTree = "<group>"; };
		D712BCAD29CA2EEF00C2F09E /* MainViewController.swift */ = {isa = PBXFileReference; lastKnownFileType = sourcecode.swift; path = MainViewController.swift; sourceTree = "<group>"; };
		D712BCB229CA2EF400C2F09E /* Assets.xcassets */ = {isa = PBXFileReference; lastKnownFileType = folder.assetcatalog; path = Assets.xcassets; sourceTree = "<group>"; };
		D712BCB529CA2EF400C2F09E /* Base */ = {isa = PBXFileReference; lastKnownFileType = file.storyboard; name = Base; path = Base.lproj/LaunchScreen.storyboard; sourceTree = "<group>"; };
		D712BCB729CA2EF400C2F09E /* Info.plist */ = {isa = PBXFileReference; lastKnownFileType = text.plist.xml; path = Info.plist; sourceTree = "<group>"; };
		D712BCBC29CA2EF400C2F09E /* TransactionsStoreTests.xctest */ = {isa = PBXFileReference; explicitFileType = wrapper.cfbundle; includeInIndex = 0; path = TransactionsStoreTests.xctest; sourceTree = BUILT_PRODUCTS_DIR; };
		D712BCC029CA2EF400C2F09E /* TransactionsStoreTests.swift */ = {isa = PBXFileReference; lastKnownFileType = sourcecode.swift; path = TransactionsStoreTests.swift; sourceTree = "<group>"; };
		D712BCC629CA2EF400C2F09E /* TransactionsStoreUITests.xctest */ = {isa = PBXFileReference; explicitFileType = wrapper.cfbundle; includeInIndex = 0; path = TransactionsStoreUITests.xctest; sourceTree = BUILT_PRODUCTS_DIR; };
		D712BCCA29CA2EF400C2F09E /* TransactionsStoreUITests.swift */ = {isa = PBXFileReference; lastKnownFileType = sourcecode.swift; path = TransactionsStoreUITests.swift; sourceTree = "<group>"; };
		D712BCCC29CA2EF400C2F09E /* TransactionsStoreUITestsLaunchTests.swift */ = {isa = PBXFileReference; lastKnownFileType = sourcecode.swift; path = TransactionsStoreUITestsLaunchTests.swift; sourceTree = "<group>"; };
		D712BCDC29CA318700C2F09E /* Margins.swift */ = {isa = PBXFileReference; lastKnownFileType = sourcecode.swift; path = Margins.swift; sourceTree = "<group>"; };
		D712BCE129CA35E200C2F09E /* TSButton.swift */ = {isa = PBXFileReference; lastKnownFileType = sourcecode.swift; path = TSButton.swift; sourceTree = "<group>"; };
		D712BCE329CA3A0200C2F09E /* CornerRadius.swift */ = {isa = PBXFileReference; lastKnownFileType = sourcecode.swift; path = CornerRadius.swift; sourceTree = "<group>"; };
		D712BCE529CA3B5A00C2F09E /* ActionTextCell.swift */ = {isa = PBXFileReference; lastKnownFileType = sourcecode.swift; path = ActionTextCell.swift; sourceTree = "<group>"; };
		D712BCE829CAFB2200C2F09E /* MainDataSource.swift */ = {isa = PBXFileReference; lastKnownFileType = sourcecode.swift; path = MainDataSource.swift; sourceTree = "<group>"; };
		D712BCEB29CB059100C2F09E /* BorderSize.swift */ = {isa = PBXFileReference; lastKnownFileType = sourcecode.swift; path = BorderSize.swift; sourceTree = "<group>"; };
		D712BCEF29CB079300C2F09E /* TSTextField.swift */ = {isa = PBXFileReference; lastKnownFileType = sourcecode.swift; path = TSTextField.swift; sourceTree = "<group>"; };
		D712BCF129CB1EC900C2F09E /* ViewSize.swift */ = {isa = PBXFileReference; lastKnownFileType = sourcecode.swift; path = ViewSize.swift; sourceTree = "<group>"; };
		D712BCF529CCC20100C2F09E /* SelectActionBottomSheet.swift */ = {isa = PBXFileReference; lastKnownFileType = sourcecode.swift; path = SelectActionBottomSheet.swift; sourceTree = "<group>"; };
		D712BCF829CEF74600C2F09E /* Dictionary+Extensions.swift */ = {isa = PBXFileReference; lastKnownFileType = sourcecode.swift; path = "Dictionary+Extensions.swift"; sourceTree = "<group>"; };
		D712BCFA29CEFEAB00C2F09E /* TextCell.swift */ = {isa = PBXFileReference; lastKnownFileType = sourcecode.swift; path = TextCell.swift; sourceTree = "<group>"; };
		D712BCFD29CF1DBD00C2F09E /* Transactionable.swift */ = {isa = PBXFileReference; lastKnownFileType = sourcecode.swift; path = Transactionable.swift; sourceTree = "<group>"; };
		D7FCB88E29F3FC7500329A4C /* ActionError.swift */ = {isa = PBXFileReference; lastKnownFileType = sourcecode.swift; path = ActionError.swift; sourceTree = "<group>"; };
		D7FCB89029F3FCC300329A4C /* DictionaryStore.swift */ = {isa = PBXFileReference; lastKnownFileType = sourcecode.swift; path = DictionaryStore.swift; sourceTree = "<group>"; };
		D7FCB89229F3FCE300329A4C /* KeyValueStorage.swift */ = {isa = PBXFileReference; lastKnownFileType = sourcecode.swift; path = KeyValueStorage.swift; sourceTree = "<group>"; };
		D7FCB89429F3FE6000329A4C /* TransactionalKeyValueStore.swift */ = {isa = PBXFileReference; lastKnownFileType = sourcecode.swift; path = TransactionalKeyValueStore.swift; sourceTree = "<group>"; };
/* End PBXFileReference section */

/* Begin PBXFrameworksBuildPhase section */
		D712BCA329CA2EEF00C2F09E /* Frameworks */ = {
			isa = PBXFrameworksBuildPhase;
			buildActionMask = 2147483647;
			files = (
				D712BCDB29CA315500C2F09E /* SnapKit in Frameworks */,
			);
			runOnlyForDeploymentPostprocessing = 0;
		};
		D712BCB929CA2EF400C2F09E /* Frameworks */ = {
			isa = PBXFrameworksBuildPhase;
			buildActionMask = 2147483647;
			files = (
			);
			runOnlyForDeploymentPostprocessing = 0;
		};
		D712BCC329CA2EF400C2F09E /* Frameworks */ = {
			isa = PBXFrameworksBuildPhase;
			buildActionMask = 2147483647;
			files = (
			);
			runOnlyForDeploymentPostprocessing = 0;
		};
/* End PBXFrameworksBuildPhase section */

/* Begin PBXGroup section */
		D712BC9D29CA2EEF00C2F09E = {
			isa = PBXGroup;
			children = (
				D712BCA829CA2EEF00C2F09E /* TransactionsStore */,
				D712BCBF29CA2EF400C2F09E /* TransactionsStoreTests */,
				D712BCC929CA2EF400C2F09E /* TransactionsStoreUITests */,
				D712BCA729CA2EEF00C2F09E /* Products */,
			);
			sourceTree = "<group>";
		};
		D712BCA729CA2EEF00C2F09E /* Products */ = {
			isa = PBXGroup;
			children = (
				D712BCA629CA2EEF00C2F09E /* TransactionsStore.app */,
				D712BCBC29CA2EF400C2F09E /* TransactionsStoreTests.xctest */,
				D712BCC629CA2EF400C2F09E /* TransactionsStoreUITests.xctest */,
			);
			name = Products;
			sourceTree = "<group>";
		};
		D712BCA829CA2EEF00C2F09E /* TransactionsStore */ = {
			isa = PBXGroup;
			children = (
				D7FCB88D29F3FC6400329A4C /* Store */,
				D712BCEA29CAFB2B00C2F09E /* MainScene */,
				D712BCE029CA35D200C2F09E /* Views */,
				D712BCF729CEF73400C2F09E /* Extensions */,
				D712BCFC29CF1DA700C2F09E /* Protocols */,
				D712BCDE29CA31E800C2F09E /* Constants */,
				D712BCA929CA2EEF00C2F09E /* AppDelegate.swift */,
				D712BCAB29CA2EEF00C2F09E /* SceneDelegate.swift */,
				D712BCB229CA2EF400C2F09E /* Assets.xcassets */,
				D712BCB429CA2EF400C2F09E /* LaunchScreen.storyboard */,
				D712BCB729CA2EF400C2F09E /* Info.plist */,
			);
			path = TransactionsStore;
			sourceTree = "<group>";
		};
		D712BCBF29CA2EF400C2F09E /* TransactionsStoreTests */ = {
			isa = PBXGroup;
			children = (
				D712BCC029CA2EF400C2F09E /* TransactionsStoreTests.swift */,
			);
			path = TransactionsStoreTests;
			sourceTree = "<group>";
		};
		D712BCC929CA2EF400C2F09E /* TransactionsStoreUITests */ = {
			isa = PBXGroup;
			children = (
				D712BCCA29CA2EF400C2F09E /* TransactionsStoreUITests.swift */,
				D712BCCC29CA2EF400C2F09E /* TransactionsStoreUITestsLaunchTests.swift */,
			);
			path = TransactionsStoreUITests;
			sourceTree = "<group>";
		};
		D712BCDE29CA31E800C2F09E /* Constants */ = {
			isa = PBXGroup;
			children = (
				D712BCDC29CA318700C2F09E /* Margins.swift */,
				D712BCE329CA3A0200C2F09E /* CornerRadius.swift */,
				D712BCEB29CB059100C2F09E /* BorderSize.swift */,
				D712BCF129CB1EC900C2F09E /* ViewSize.swift */,
			);
			path = Constants;
			sourceTree = "<group>";
		};
		D712BCE029CA35D200C2F09E /* Views */ = {
			isa = PBXGroup;
			children = (
				D712BCE129CA35E200C2F09E /* TSButton.swift */,
				D712BCE529CA3B5A00C2F09E /* ActionTextCell.swift */,
				D712BCEF29CB079300C2F09E /* TSTextField.swift */,
				D712BCFA29CEFEAB00C2F09E /* TextCell.swift */,
			);
			path = Views;
			sourceTree = "<group>";
		};
		D712BCEA29CAFB2B00C2F09E /* MainScene */ = {
			isa = PBXGroup;
			children = (
				D712BCAD29CA2EEF00C2F09E /* MainViewController.swift */,
				D712BCE829CAFB2200C2F09E /* MainDataSource.swift */,
				D712BCF529CCC20100C2F09E /* SelectActionBottomSheet.swift */,
			);
			path = MainScene;
			sourceTree = "<group>";
		};
		D712BCF729CEF73400C2F09E /* Extensions */ = {
			isa = PBXGroup;
			children = (
				D712BCF829CEF74600C2F09E /* Dictionary+Extensions.swift */,
			);
			path = Extensions;
			sourceTree = "<group>";
		};
		D712BCFC29CF1DA700C2F09E /* Protocols */ = {
			isa = PBXGroup;
			children = (
				D712BCFD29CF1DBD00C2F09E /* Transactionable.swift */,
				D7FCB89229F3FCE300329A4C /* KeyValueStorage.swift */,
			);
			path = Protocols;
			sourceTree = "<group>";
		};
		D7FCB88D29F3FC6400329A4C /* Store */ = {
			isa = PBXGroup;
			children = (
				D7FCB88E29F3FC7500329A4C /* ActionError.swift */,
				D7FCB89029F3FCC300329A4C /* DictionaryStore.swift */,
				D7FCB89429F3FE6000329A4C /* TransactionalKeyValueStore.swift */,
			);
			path = Store;
			sourceTree = "<group>";
		};
/* End PBXGroup section */

/* Begin PBXNativeTarget section */
		D712BCA529CA2EEF00C2F09E /* TransactionsStore */ = {
			isa = PBXNativeTarget;
			buildConfigurationList = D712BCD029CA2EF400C2F09E /* Build configuration list for PBXNativeTarget "TransactionsStore" */;
			buildPhases = (
				D712BCA229CA2EEF00C2F09E /* Sources */,
				D712BCA329CA2EEF00C2F09E /* Frameworks */,
				D712BCA429CA2EEF00C2F09E /* Resources */,
			);
			buildRules = (
			);
			dependencies = (
			);
			name = TransactionsStore;
			packageProductDependencies = (
				D712BCDA29CA315500C2F09E /* SnapKit */,
			);
			productName = BinanceTest;
			productReference = D712BCA629CA2EEF00C2F09E /* TransactionsStore.app */;
			productType = "com.apple.product-type.application";
		};
		D712BCBB29CA2EF400C2F09E /* TransactionsStoreTests */ = {
			isa = PBXNativeTarget;
			buildConfigurationList = D712BCD329CA2EF400C2F09E /* Build configuration list for PBXNativeTarget "TransactionsStoreTests" */;
			buildPhases = (
				D712BCB829CA2EF400C2F09E /* Sources */,
				D712BCB929CA2EF400C2F09E /* Frameworks */,
				D712BCBA29CA2EF400C2F09E /* Resources */,
			);
			buildRules = (
			);
			dependencies = (
				D712BCBE29CA2EF400C2F09E /* PBXTargetDependency */,
			);
			name = TransactionsStoreTests;
			productName = BinanceTestTests;
			productReference = D712BCBC29CA2EF400C2F09E /* TransactionsStoreTests.xctest */;
			productType = "com.apple.product-type.bundle.unit-test";
		};
		D712BCC529CA2EF400C2F09E /* TransactionsStoreUITests */ = {
			isa = PBXNativeTarget;
			buildConfigurationList = D712BCD629CA2EF400C2F09E /* Build configuration list for PBXNativeTarget "TransactionsStoreUITests" */;
			buildPhases = (
				D712BCC229CA2EF400C2F09E /* Sources */,
				D712BCC329CA2EF400C2F09E /* Frameworks */,
				D712BCC429CA2EF400C2F09E /* Resources */,
			);
			buildRules = (
			);
			dependencies = (
				D712BCC829CA2EF400C2F09E /* PBXTargetDependency */,
			);
			name = TransactionsStoreUITests;
			productName = BinanceTestUITests;
			productReference = D712BCC629CA2EF400C2F09E /* TransactionsStoreUITests.xctest */;
			productType = "com.apple.product-type.bundle.ui-testing";
		};
/* End PBXNativeTarget section */

/* Begin PBXProject section */
		D712BC9E29CA2EEF00C2F09E /* Project object */ = {
			isa = PBXProject;
			attributes = {
				BuildIndependentTargetsInParallel = 1;
				LastSwiftUpdateCheck = 1420;
				LastUpgradeCheck = 1420;
				TargetAttributes = {
					D712BCA529CA2EEF00C2F09E = {
						CreatedOnToolsVersion = 14.2;
					};
					D712BCBB29CA2EF400C2F09E = {
						CreatedOnToolsVersion = 14.2;
						TestTargetID = D712BCA529CA2EEF00C2F09E;
					};
					D712BCC529CA2EF400C2F09E = {
						CreatedOnToolsVersion = 14.2;
						TestTargetID = D712BCA529CA2EEF00C2F09E;
					};
				};
			};
			buildConfigurationList = D712BCA129CA2EEF00C2F09E /* Build configuration list for PBXProject "TransactionsStore" */;
			compatibilityVersion = "Xcode 14.0";
			developmentRegion = en;
			hasScannedForEncodings = 0;
			knownRegions = (
				en,
				Base,
			);
			mainGroup = D712BC9D29CA2EEF00C2F09E;
			packageReferences = (
				D712BCD929CA315500C2F09E /* XCRemoteSwiftPackageReference "SnapKit" */,
			);
			productRefGroup = D712BCA729CA2EEF00C2F09E /* Products */;
			projectDirPath = "";
			projectRoot = "";
			targets = (
				D712BCA529CA2EEF00C2F09E /* TransactionsStore */,
				D712BCBB29CA2EF400C2F09E /* TransactionsStoreTests */,
				D712BCC529CA2EF400C2F09E /* TransactionsStoreUITests */,
			);
		};
/* End PBXProject section */

/* Begin PBXResourcesBuildPhase section */
		D712BCA429CA2EEF00C2F09E /* Resources */ = {
			isa = PBXResourcesBuildPhase;
			buildActionMask = 2147483647;
			files = (
				D712BCB629CA2EF400C2F09E /* LaunchScreen.storyboard in Resources */,
				D712BCB329CA2EF400C2F09E /* Assets.xcassets in Resources */,
			);
			runOnlyForDeploymentPostprocessing = 0;
		};
		D712BCBA29CA2EF400C2F09E /* Resources */ = {
			isa = PBXResourcesBuildPhase;
			buildActionMask = 2147483647;
			files = (
			);
			runOnlyForDeploymentPostprocessing = 0;
		};
		D712BCC429CA2EF400C2F09E /* Resources */ = {
			isa = PBXResourcesBuildPhase;
			buildActionMask = 2147483647;
			files = (
			);
			runOnlyForDeploymentPostprocessing = 0;
		};
/* End PBXResourcesBuildPhase section */

/* Begin PBXSourcesBuildPhase section */
		D712BCA229CA2EEF00C2F09E /* Sources */ = {
			isa = PBXSourcesBuildPhase;
			buildActionMask = 2147483647;
			files = (
				D712BCAE29CA2EEF00C2F09E /* MainViewController.swift in Sources */,
				D712BCE229CA35E200C2F09E /* TSButton.swift in Sources */,
				D7FCB89529F3FE6000329A4C /* TransactionalKeyValueStore.swift in Sources */,
				D712BCE429CA3A0200C2F09E /* CornerRadius.swift in Sources */,
				D712BCE629CA3B5A00C2F09E /* ActionTextCell.swift in Sources */,
				D7FCB88F29F3FC7500329A4C /* ActionError.swift in Sources */,
				D712BCFE29CF1DBD00C2F09E /* Transactionable.swift in Sources */,
				D712BCDD29CA318700C2F09E /* Margins.swift in Sources */,
				D712BCAA29CA2EEF00C2F09E /* AppDelegate.swift in Sources */,
				D712BCAC29CA2EEF00C2F09E /* SceneDelegate.swift in Sources */,
				D7FCB89329F3FCE300329A4C /* KeyValueStorage.swift in Sources */,
				D712BCE929CAFB2200C2F09E /* MainDataSource.swift in Sources */,
				D712BCF629CCC20100C2F09E /* SelectActionBottomSheet.swift in Sources */,
				D712BCF229CB1EC900C2F09E /* ViewSize.swift in Sources */,
				D712BCFB29CEFEAB00C2F09E /* TextCell.swift in Sources */,
				D712BCF929CEF74600C2F09E /* Dictionary+Extensions.swift in Sources */,
				D7FCB89129F3FCC300329A4C /* DictionaryStore.swift in Sources */,
				D712BCEC29CB059100C2F09E /* BorderSize.swift in Sources */,
				D712BCF029CB079300C2F09E /* TSTextField.swift in Sources */,
			);
			runOnlyForDeploymentPostprocessing = 0;
		};
		D712BCB829CA2EF400C2F09E /* Sources */ = {
			isa = PBXSourcesBuildPhase;
			buildActionMask = 2147483647;
			files = (
				D712BCC129CA2EF400C2F09E /* TransactionsStoreTests.swift in Sources */,
			);
			runOnlyForDeploymentPostprocessing = 0;
		};
		D712BCC229CA2EF400C2F09E /* Sources */ = {
			isa = PBXSourcesBuildPhase;
			buildActionMask = 2147483647;
			files = (
				D712BCCB29CA2EF400C2F09E /* TransactionsStoreUITests.swift in Sources */,
				D712BCCD29CA2EF400C2F09E /* TransactionsStoreUITestsLaunchTests.swift in Sources */,
			);
			runOnlyForDeploymentPostprocessing = 0;
		};
/* End PBXSourcesBuildPhase section */

/* Begin PBXTargetDependency section */
		D712BCBE29CA2EF400C2F09E /* PBXTargetDependency */ = {
			isa = PBXTargetDependency;
			target = D712BCA529CA2EEF00C2F09E /* TransactionsStore */;
			targetProxy = D712BCBD29CA2EF400C2F09E /* PBXContainerItemProxy */;
		};
		D712BCC829CA2EF400C2F09E /* PBXTargetDependency */ = {
			isa = PBXTargetDependency;
			target = D712BCA529CA2EEF00C2F09E /* TransactionsStore */;
			targetProxy = D712BCC729CA2EF400C2F09E /* PBXContainerItemProxy */;
		};
/* End PBXTargetDependency section */

/* Begin PBXVariantGroup section */
		D712BCB429CA2EF400C2F09E /* LaunchScreen.storyboard */ = {
			isa = PBXVariantGroup;
			children = (
				D712BCB529CA2EF400C2F09E /* Base */,
			);
			name = LaunchScreen.storyboard;
			sourceTree = "<group>";
		};
/* End PBXVariantGroup section */

/* Begin XCBuildConfiguration section */
		D712BCCE29CA2EF400C2F09E /* Debug */ = {
			isa = XCBuildConfiguration;
			buildSettings = {
				ALWAYS_SEARCH_USER_PATHS = NO;
				CLANG_ANALYZER_NONNULL = YES;
				CLANG_ANALYZER_NUMBER_OBJECT_CONVERSION = YES_AGGRESSIVE;
				CLANG_CXX_LANGUAGE_STANDARD = "gnu++20";
				CLANG_ENABLE_MODULES = YES;
				CLANG_ENABLE_OBJC_ARC = YES;
				CLANG_ENABLE_OBJC_WEAK = YES;
				CLANG_WARN_BLOCK_CAPTURE_AUTORELEASING = YES;
				CLANG_WARN_BOOL_CONVERSION = YES;
				CLANG_WARN_COMMA = YES;
				CLANG_WARN_CONSTANT_CONVERSION = YES;
				CLANG_WARN_DEPRECATED_OBJC_IMPLEMENTATIONS = YES;
				CLANG_WARN_DIRECT_OBJC_ISA_USAGE = YES_ERROR;
				CLANG_WARN_DOCUMENTATION_COMMENTS = YES;
				CLANG_WARN_EMPTY_BODY = YES;
				CLANG_WARN_ENUM_CONVERSION = YES;
				CLANG_WARN_INFINITE_RECURSION = YES;
				CLANG_WARN_INT_CONVERSION = YES;
				CLANG_WARN_NON_LITERAL_NULL_CONVERSION = YES;
				CLANG_WARN_OBJC_IMPLICIT_RETAIN_SELF = YES;
				CLANG_WARN_OBJC_LITERAL_CONVERSION = YES;
				CLANG_WARN_OBJC_ROOT_CLASS = YES_ERROR;
				CLANG_WARN_QUOTED_INCLUDE_IN_FRAMEWORK_HEADER = YES;
				CLANG_WARN_RANGE_LOOP_ANALYSIS = YES;
				CLANG_WARN_STRICT_PROTOTYPES = YES;
				CLANG_WARN_SUSPICIOUS_MOVE = YES;
				CLANG_WARN_UNGUARDED_AVAILABILITY = YES_AGGRESSIVE;
				CLANG_WARN_UNREACHABLE_CODE = YES;
				CLANG_WARN__DUPLICATE_METHOD_MATCH = YES;
				COPY_PHASE_STRIP = NO;
				DEBUG_INFORMATION_FORMAT = dwarf;
				ENABLE_STRICT_OBJC_MSGSEND = YES;
				ENABLE_TESTABILITY = YES;
				GCC_C_LANGUAGE_STANDARD = gnu11;
				GCC_DYNAMIC_NO_PIC = NO;
				GCC_NO_COMMON_BLOCKS = YES;
				GCC_OPTIMIZATION_LEVEL = 0;
				GCC_PREPROCESSOR_DEFINITIONS = (
					"DEBUG=1",
					"$(inherited)",
				);
				GCC_WARN_64_TO_32_BIT_CONVERSION = YES;
				GCC_WARN_ABOUT_RETURN_TYPE = YES_ERROR;
				GCC_WARN_UNDECLARED_SELECTOR = YES;
				GCC_WARN_UNINITIALIZED_AUTOS = YES_AGGRESSIVE;
				GCC_WARN_UNUSED_FUNCTION = YES;
				GCC_WARN_UNUSED_VARIABLE = YES;
				IPHONEOS_DEPLOYMENT_TARGET = 16.2;
				MTL_ENABLE_DEBUG_INFO = INCLUDE_SOURCE;
				MTL_FAST_MATH = YES;
				ONLY_ACTIVE_ARCH = YES;
				SDKROOT = iphoneos;
				SWIFT_ACTIVE_COMPILATION_CONDITIONS = DEBUG;
				SWIFT_OPTIMIZATION_LEVEL = "-Onone";
			};
			name = Debug;
		};
		D712BCCF29CA2EF400C2F09E /* Release */ = {
			isa = XCBuildConfiguration;
			buildSettings = {
				ALWAYS_SEARCH_USER_PATHS = NO;
				CLANG_ANALYZER_NONNULL = YES;
				CLANG_ANALYZER_NUMBER_OBJECT_CONVERSION = YES_AGGRESSIVE;
				CLANG_CXX_LANGUAGE_STANDARD = "gnu++20";
				CLANG_ENABLE_MODULES = YES;
				CLANG_ENABLE_OBJC_ARC = YES;
				CLANG_ENABLE_OBJC_WEAK = YES;
				CLANG_WARN_BLOCK_CAPTURE_AUTORELEASING = YES;
				CLANG_WARN_BOOL_CONVERSION = YES;
				CLANG_WARN_COMMA = YES;
				CLANG_WARN_CONSTANT_CONVERSION = YES;
				CLANG_WARN_DEPRECATED_OBJC_IMPLEMENTATIONS = YES;
				CLANG_WARN_DIRECT_OBJC_ISA_USAGE = YES_ERROR;
				CLANG_WARN_DOCUMENTATION_COMMENTS = YES;
				CLANG_WARN_EMPTY_BODY = YES;
				CLANG_WARN_ENUM_CONVERSION = YES;
				CLANG_WARN_INFINITE_RECURSION = YES;
				CLANG_WARN_INT_CONVERSION = YES;
				CLANG_WARN_NON_LITERAL_NULL_CONVERSION = YES;
				CLANG_WARN_OBJC_IMPLICIT_RETAIN_SELF = YES;
				CLANG_WARN_OBJC_LITERAL_CONVERSION = YES;
				CLANG_WARN_OBJC_ROOT_CLASS = YES_ERROR;
				CLANG_WARN_QUOTED_INCLUDE_IN_FRAMEWORK_HEADER = YES;
				CLANG_WARN_RANGE_LOOP_ANALYSIS = YES;
				CLANG_WARN_STRICT_PROTOTYPES = YES;
				CLANG_WARN_SUSPICIOUS_MOVE = YES;
				CLANG_WARN_UNGUARDED_AVAILABILITY = YES_AGGRESSIVE;
				CLANG_WARN_UNREACHABLE_CODE = YES;
				CLANG_WARN__DUPLICATE_METHOD_MATCH = YES;
				COPY_PHASE_STRIP = NO;
				DEBUG_INFORMATION_FORMAT = "dwarf-with-dsym";
				ENABLE_NS_ASSERTIONS = NO;
				ENABLE_STRICT_OBJC_MSGSEND = YES;
				GCC_C_LANGUAGE_STANDARD = gnu11;
				GCC_NO_COMMON_BLOCKS = YES;
				GCC_WARN_64_TO_32_BIT_CONVERSION = YES;
				GCC_WARN_ABOUT_RETURN_TYPE = YES_ERROR;
				GCC_WARN_UNDECLARED_SELECTOR = YES;
				GCC_WARN_UNINITIALIZED_AUTOS = YES_AGGRESSIVE;
				GCC_WARN_UNUSED_FUNCTION = YES;
				GCC_WARN_UNUSED_VARIABLE = YES;
				IPHONEOS_DEPLOYMENT_TARGET = 16.2;
				MTL_ENABLE_DEBUG_INFO = NO;
				MTL_FAST_MATH = YES;
				SDKROOT = iphoneos;
				SWIFT_COMPILATION_MODE = wholemodule;
				SWIFT_OPTIMIZATION_LEVEL = "-O";
				VALIDATE_PRODUCT = YES;
			};
			name = Release;
		};
		D712BCD129CA2EF400C2F09E /* Debug */ = {
			isa = XCBuildConfiguration;
			buildSettings = {
				ASSETCATALOG_COMPILER_APPICON_NAME = AppIcon;
				ASSETCATALOG_COMPILER_GLOBAL_ACCENT_COLOR_NAME = AccentColor;
				CODE_SIGN_STYLE = Automatic;
				CURRENT_PROJECT_VERSION = 1;
				DEVELOPMENT_TEAM = ZYD4H5CRUV;
				GENERATE_INFOPLIST_FILE = YES;
				INFOPLIST_FILE = TransactionsStore/Info.plist;
				INFOPLIST_KEY_UIApplicationSupportsIndirectInputEvents = YES;
				INFOPLIST_KEY_UILaunchStoryboardName = LaunchScreen;
				INFOPLIST_KEY_UISupportedInterfaceOrientations_iPad = "UIInterfaceOrientationPortrait UIInterfaceOrientationPortraitUpsideDown UIInterfaceOrientationLandscapeLeft UIInterfaceOrientationLandscapeRight";
				INFOPLIST_KEY_UISupportedInterfaceOrientations_iPhone = "UIInterfaceOrientationPortrait UIInterfaceOrientationLandscapeLeft UIInterfaceOrientationLandscapeRight";
				LD_RUNPATH_SEARCH_PATHS = (
					"$(inherited)",
					"@executable_path/Frameworks",
				);
				MARKETING_VERSION = 1.0;
				PRODUCT_BUNDLE_IDENTIFIER = DinoG.TransactionsStore;
				PRODUCT_NAME = "$(TARGET_NAME)";
				SUPPORTED_PLATFORMS = "iphoneos iphonesimulator";
				SUPPORTS_MACCATALYST = NO;
				SUPPORTS_MAC_DESIGNED_FOR_IPHONE_IPAD = NO;
				SWIFT_EMIT_LOC_STRINGS = YES;
				SWIFT_VERSION = 5.0;
				TARGETED_DEVICE_FAMILY = 1;
			};
			name = Debug;
		};
		D712BCD229CA2EF400C2F09E /* Release */ = {
			isa = XCBuildConfiguration;
			buildSettings = {
				ASSETCATALOG_COMPILER_APPICON_NAME = AppIcon;
				ASSETCATALOG_COMPILER_GLOBAL_ACCENT_COLOR_NAME = AccentColor;
				CODE_SIGN_STYLE = Automatic;
				CURRENT_PROJECT_VERSION = 1;
				DEVELOPMENT_TEAM = ZYD4H5CRUV;
				GENERATE_INFOPLIST_FILE = YES;
				INFOPLIST_FILE = TransactionsStore/Info.plist;
				INFOPLIST_KEY_UIApplicationSupportsIndirectInputEvents = YES;
				INFOPLIST_KEY_UILaunchStoryboardName = LaunchScreen;
				INFOPLIST_KEY_UISupportedInterfaceOrientations_iPad = "UIInterfaceOrientationPortrait UIInterfaceOrientationPortraitUpsideDown UIInterfaceOrientationLandscapeLeft UIInterfaceOrientationLandscapeRight";
				INFOPLIST_KEY_UISupportedInterfaceOrientations_iPhone = "UIInterfaceOrientationPortrait UIInterfaceOrientationLandscapeLeft UIInterfaceOrientationLandscapeRight";
				LD_RUNPATH_SEARCH_PATHS = (
					"$(inherited)",
					"@executable_path/Frameworks",
				);
				MARKETING_VERSION = 1.0;
				PRODUCT_BUNDLE_IDENTIFIER = DinoG.TransactionsStore;
				PRODUCT_NAME = "$(TARGET_NAME)";
				SUPPORTED_PLATFORMS = "iphoneos iphonesimulator";
				SUPPORTS_MACCATALYST = NO;
				SUPPORTS_MAC_DESIGNED_FOR_IPHONE_IPAD = NO;
				SWIFT_EMIT_LOC_STRINGS = YES;
				SWIFT_VERSION = 5.0;
				TARGETED_DEVICE_FAMILY = 1;
			};
			name = Release;
		};
		D712BCD429CA2EF400C2F09E /* Debug */ = {
			isa = XCBuildConfiguration;
			buildSettings = {
				ALWAYS_EMBED_SWIFT_STANDARD_LIBRARIES = YES;
				BUNDLE_LOADER = "$(TEST_HOST)";
				CODE_SIGN_STYLE = Automatic;
				CURRENT_PROJECT_VERSION = 1;
				DEVELOPMENT_TEAM = ZYD4H5CRUV;
				GENERATE_INFOPLIST_FILE = YES;
				IPHONEOS_DEPLOYMENT_TARGET = 16.2;
				MARKETING_VERSION = 1.0;
				PRODUCT_BUNDLE_IDENTIFIER = DinoG.TransactionsStoreTests;
				PRODUCT_NAME = "$(TARGET_NAME)";
				SWIFT_EMIT_LOC_STRINGS = NO;
				SWIFT_VERSION = 5.0;
				TARGETED_DEVICE_FAMILY = "1,2";
				TEST_HOST = "$(BUILT_PRODUCTS_DIR)/TransactionsStore.app/$(BUNDLE_EXECUTABLE_FOLDER_PATH)/TransactionsStore";
			};
			name = Debug;
		};
		D712BCD529CA2EF400C2F09E /* Release */ = {
			isa = XCBuildConfiguration;
			buildSettings = {
				ALWAYS_EMBED_SWIFT_STANDARD_LIBRARIES = YES;
				BUNDLE_LOADER = "$(TEST_HOST)";
				CODE_SIGN_STYLE = Automatic;
				CURRENT_PROJECT_VERSION = 1;
				DEVELOPMENT_TEAM = ZYD4H5CRUV;
				GENERATE_INFOPLIST_FILE = YES;
				IPHONEOS_DEPLOYMENT_TARGET = 16.2;
				MARKETING_VERSION = 1.0;
				PRODUCT_BUNDLE_IDENTIFIER = DinoG.TransactionsStoreTests;
				PRODUCT_NAME = "$(TARGET_NAME)";
				SWIFT_EMIT_LOC_STRINGS = NO;
				SWIFT_VERSION = 5.0;
				TARGETED_DEVICE_FAMILY = "1,2";
				TEST_HOST = "$(BUILT_PRODUCTS_DIR)/TransactionsStore.app/$(BUNDLE_EXECUTABLE_FOLDER_PATH)/TransactionsStore";
			};
			name = Release;
		};
		D712BCD729CA2EF400C2F09E /* Debug */ = {
			isa = XCBuildConfiguration;
			buildSettings = {
				ALWAYS_EMBED_SWIFT_STANDARD_LIBRARIES = YES;
				CODE_SIGN_STYLE = Automatic;
				CURRENT_PROJECT_VERSION = 1;
				DEVELOPMENT_TEAM = ZYD4H5CRUV;
				GENERATE_INFOPLIST_FILE = YES;
				MARKETING_VERSION = 1.0;
				PRODUCT_BUNDLE_IDENTIFIER = DinoG.TransactionsStoreUITests;
				PRODUCT_NAME = "$(TARGET_NAME)";
				SWIFT_EMIT_LOC_STRINGS = NO;
				SWIFT_VERSION = 5.0;
				TARGETED_DEVICE_FAMILY = "1,2";
				TEST_TARGET_NAME = TransactionsStore;
			};
			name = Debug;
		};
		D712BCD829CA2EF400C2F09E /* Release */ = {
			isa = XCBuildConfiguration;
			buildSettings = {
				ALWAYS_EMBED_SWIFT_STANDARD_LIBRARIES = YES;
				CODE_SIGN_STYLE = Automatic;
				CURRENT_PROJECT_VERSION = 1;
				DEVELOPMENT_TEAM = ZYD4H5CRUV;
				GENERATE_INFOPLIST_FILE = YES;
				MARKETING_VERSION = 1.0;
				PRODUCT_BUNDLE_IDENTIFIER = DinoG.TransactionsStoreUITests;
				PRODUCT_NAME = "$(TARGET_NAME)";
				SWIFT_EMIT_LOC_STRINGS = NO;
				SWIFT_VERSION = 5.0;
				TARGETED_DEVICE_FAMILY = "1,2";
				TEST_TARGET_NAME = TransactionsStore;
			};
			name = Release;
		};
/* End XCBuildConfiguration section */

/* Begin XCConfigurationList section */
		D712BCA129CA2EEF00C2F09E /* Build configuration list for PBXProject "TransactionsStore" */ = {
			isa = XCConfigurationList;
			buildConfigurations = (
				D712BCCE29CA2EF400C2F09E /* Debug */,
				D712BCCF29CA2EF400C2F09E /* Release */,
			);
			defaultConfigurationIsVisible = 0;
			defaultConfigurationName = Release;
		};
		D712BCD029CA2EF400C2F09E /* Build configuration list for PBXNativeTarget "TransactionsStore" */ = {
			isa = XCConfigurationList;
			buildConfigurations = (
				D712BCD129CA2EF400C2F09E /* Debug */,
				D712BCD229CA2EF400C2F09E /* Release */,
			);
			defaultConfigurationIsVisible = 0;
			defaultConfigurationName = Release;
		};
		D712BCD329CA2EF400C2F09E /* Build configuration list for PBXNativeTarget "TransactionsStoreTests" */ = {
			isa = XCConfigurationList;
			buildConfigurations = (
				D712BCD429CA2EF400C2F09E /* Debug */,
				D712BCD529CA2EF400C2F09E /* Release */,
			);
			defaultConfigurationIsVisible = 0;
			defaultConfigurationName = Release;
		};
		D712BCD629CA2EF400C2F09E /* Build configuration list for PBXNativeTarget "TransactionsStoreUITests" */ = {
			isa = XCConfigurationList;
			buildConfigurations = (
				D712BCD729CA2EF400C2F09E /* Debug */,
				D712BCD829CA2EF400C2F09E /* Release */,
			);
			defaultConfigurationIsVisible = 0;
			defaultConfigurationName = Release;
		};
/* End XCConfigurationList section */

/* Begin XCRemoteSwiftPackageReference section */
		D712BCD929CA315500C2F09E /* XCRemoteSwiftPackageReference "SnapKit" */ = {
			isa = XCRemoteSwiftPackageReference;
			repositoryURL = "https://github.com/rockwalletcode/SnapKit.git";
			requirement = {
				kind = exactVersion;
				version = 5.6.0;
			};
		};
/* End XCRemoteSwiftPackageReference section */

/* Begin XCSwiftPackageProductDependency section */
		D712BCDA29CA315500C2F09E /* SnapKit */ = {
			isa = XCSwiftPackageProductDependency;
			package = D712BCD929CA315500C2F09E /* XCRemoteSwiftPackageReference "SnapKit" */;
			productName = SnapKit;
		};
/* End XCSwiftPackageProductDependency section */
	};
	rootObject = D712BC9E29CA2EEF00C2F09E /* Project object */;
}
